# This file is autogenerated, do not edit; changes may be undone by the next 'dep ensure'.


[[projects]]
  digest = "1:51c57d0b05ee746d29a6573c02d96bb35fef1c166112c251e7c4cbe8a1d2e172"
  name = "github.com/maruel/panicparse"
  packages = ["stack"]
  pruneopts = ""
  revision = "766956aceb8ff49664065ae50bef0ae8a0a83ec4"
  version = "v1.0.2"

[[projects]]
  digest = "1:81e673df85e765593a863f67cba4544cf40e8919590f04d67664940786c2b61a"
  name = "github.com/mattn/go-runewidth"
  packages = ["."]
  pruneopts = ""
  revision = "9e777a8366cce605130a531d2cd6363d07ad7317"
  version = "v0.0.2"

[[projects]]
  branch = "item-in-memory-data"
  digest = "1:6bb373b78a281099bec1621a8c4159c2e49d81bfe81c2ed58472b9bf9fa5516c"
  name = "github.com/mhmoudgmal/termui"
  packages = ["."]
  pruneopts = ""
  revision = "a8ec64446d6b82eda8ec83cc8486ae86509159ba"

[[projects]]
  branch = "master"
  digest = "1:1856ee5a608d9e93667ac7811fc6360e2a9cae3ada938b3f13016c578b6d5f6e"
  name = "github.com/mitchellh/go-wordwrap"
  packages = ["."]
  pruneopts = ""
  revision = "ad45545899c7b13c020ea92b2072220eefad42b8"

[[projects]]
  branch = "master"
  digest = "1:6e61de1700bbf3fb3e23825ac7806caddd20e61f07677b640b13a5e3676c1baa"
  name = "github.com/nsf/termbox-go"
  packages = ["."]
  pruneopts = ""
  revision = "aa4a75b1c20a2b03751b1a9f7e41d58bd6f71c43"

[[projects]]
  digest = "1:32b27072cd55bd2fb7244de0425943d125da6a552ae2b6517cdd965a662baf18"
  name = "github.com/onsi/ginkgo"
  packages = [
    ".",
    "config",
    "internal/codelocation",
    "internal/containernode",
    "internal/failer",
    "internal/leafnodes",
    "internal/remote",
    "internal/spec",
    "internal/spec_iterator",
    "internal/specrunner",
    "internal/suite",
    "internal/testingtproxy",
    "internal/writer",
    "reporters",
    "reporters/stenographer",
    "reporters/stenographer/support/go-colorable",
    "reporters/stenographer/support/go-isatty",
    "types",
  ]
  pruneopts = ""
  revision = "9eda700730cba42af70d53180f9dcce9266bc2bc"
  version = "v1.4.0"

[[projects]]
  digest = "1:a4e59d0b2821c983b58c317f141cd77df20570979632da8a7a352e5d12698de7"
  name = "github.com/onsi/gomega"
  packages = [
    ".",
    "format",
    "internal/assertion",
    "internal/asyncassertion",
    "internal/oraclematcher",
    "internal/testingtsupport",
    "matchers",
    "matchers/support/goraph/bipartitegraph",
    "matchers/support/goraph/edge",
    "matchers/support/goraph/node",
    "matchers/support/goraph/util",
    "types",
  ]
  pruneopts = ""
  revision = "c893efa28eb45626cdaa76c9f653b62488858837"
  version = "v1.2.0"

[[projects]]
  branch = "master"
  digest = "1:a9afbcb2b5dacde3889b77124be6abe68477a09c6da3df224cc74f5e180454e6"
  name = "golang.org/x/net"
  packages = [
    "html",
    "html/atom",
    "html/charset",
  ]
  pruneopts = ""
  revision = "d866cfc389cec985d6fda2859936a575a55a3ab6"

[[projects]]
  branch = "master"
  digest = "1:134679482ac3fd5ecd60c1412510d52272e29e1085bf2dd2d7e79e2d1d38acc0"
  name = "golang.org/x/sys"
  packages = ["unix"]
  pruneopts = ""
  revision = "83801418e1b59fb1880e363299581ee543af32ca"

[[projects]]
  branch = "master"
  digest = "1:3b8b5047751bce517d1888063cf2f0acd91c31273c290946079c513ce78e3013"
  name = "golang.org/x/text"
  packages = [
    "encoding",
    "encoding/charmap",
    "encoding/htmlindex",
    "encoding/internal",
    "encoding/internal/identifier",
    "encoding/japanese",
    "encoding/korean",
    "encoding/simplifiedchinese",
    "encoding/traditionalchinese",
    "encoding/unicode",
    "internal/gen",
    "internal/tag",
    "internal/utf8internal",
    "language",
    "runes",
    "transform",
    "unicode/cldr",
  ]
  pruneopts = ""
  revision = "eb22672bea55af56d225d4e35405f4d2e9f062a0"

[[projects]]
  digest = "1:74b8ec98e377c15e61f0c72a1beab7e7557679e04b88aac5840e11f8951aff5b"
  name = "gopkg.in/h2non/gock.v1"
  packages = ["."]
  pruneopts = ""
  revision = "26775f23aa9da4cbd47bc2600a57ac07bbf3bd20"
  version = "v1.0.7"

[[projects]]
  branch = "v2"
  digest = "1:f769ed60e075e4221612c2f4162fccc9d3795ef358fa463425e3b3d7a5debb27"
  name = "gopkg.in/yaml.v2"
  packages = ["."]
  pruneopts = ""
  revision = "287cf08546ab5e7e37d55a84f7ed3fd1db036de5"

[solve-meta]
  analyzer-name = "dep"
  analyzer-version = 1
  input-imports = [
    "github.com/mhmoudgmal/termui",
    "github.com/onsi/ginkgo",
    "github.com/onsi/gomega",
    "gopkg.in/h2non/gock.v1",
  ]
  solver-name = "gps-cdcl"
  solver-version = 1
